Microsoft Visual Studio Solution File, Format Version 11.00
# Visual Studio 2008

Project("{EE3C3A2D-5338-66F0-93AB-02B63180D80A}") = "GoodPost", "Assembly-CSharp.csproj", "{4837ABFD-F1D1-B1C5-43AF-DF5A1EF04886}"
EndProject
Project("{EE3C3A2D-5338-66F0-93AB-02B63180D80A}") = "GoodPost", "Assembly-CSharp-Editor.csproj", "{5E13F3A3-3A56-14B5-C625-C5B60FB8E5ED}"
EndProject
Global
	GlobalSection(SolutionConfigurationPlatforms) = preSolution
		Debug|Any CPU = Debug|Any CPU
		Release|Any CPU = Release|Any CPU
	EndGlobalSection
	GlobalSection(ProjectConfigurationPlatforms) = postSolution
		{4837ABFD-F1D1-B1C5-43AF-DF5A1EF04886}.Debug|Any CPU.ActiveCfg = Debug|Any CPU
		{4837ABFD-F1D1-B1C5-43AF-DF5A1EF04886}.Debug|Any CPU.Build.0 = Debug|Any CPU
		{4837ABFD-F1D1-B1C5-43AF-DF5A1EF04886}.Release|Any CPU.ActiveCfg = Release|Any CPU
		{4837ABFD-F1D1-B1C5-43AF-DF5A1EF04886}.Release|Any CPU.Build.0 = Release|Any CPU
		{5E13F3A3-3A56-14B5-C625-C5B60FB8E5ED}.Debug|Any CPU.ActiveCfg = Debug|Any CPU
		{5E13F3A3-3A56-14B5-C625-C5B60FB8E5ED}.Debug|Any CPU.Build.0 = Debug|Any CPU
		{5E13F3A3-3A56-14B5-C625-C5B60FB8E5ED}.Release|Any CPU.ActiveCfg = Release|Any CPU
		{5E13F3A3-3A56-14B5-C625-C5B60FB8E5ED}.Release|Any CPU.Build.0 = Release|Any CPU
	EndGlobalSection
	GlobalSection(SolutionProperties) = preSolution
		HideSolutionNode = FALSE
	EndGlobalSection
																																				GlobalSection(MonoDevelopProperties) = preSolution
		StartupItem = Assembly-CSharp.csproj
		Policies = $0
		$0.TextStylePolicy = $1
		$1.inheritsSet = null
		$1.scope = text/x-csharp
		$0.CSharpFormattingPolicy = $2
		$2.inheritsSet = Mono
		$2.inheritsScope = text/x-csharp
		$2.scope = text/x-csharp
		$0.TextStylePolicy = $3
		$3.FileWidth = 120
		$3.TabWidth = 4
		$3.IndentWidth = 4
		$3.EolMarker = Unix
		$3.inheritsSet = Mono
		$3.inheritsScope = text/plain
		$3.scope = text/plain
	EndGlobalSection

EndGlobal
